# THIS IS AN AUTOGENERATED FILE. DO NOT EDIT THIS FILE DIRECTLY.
# yarn lockfile v1


"@faker-js/faker@^7.5.0":
  version "7.5.0"
  resolved "https://registry.yarnpkg.com/@faker-js/faker/-/faker-7.5.0.tgz#8e8265f65f5b68d2a57886d59b03788eeb676264"
  integrity sha512-8wNUCCUHvfvI0gQpDUho/3gPzABffnCn5um65F8dzQ86zz6dlt4+nmAA7PQUc8L+eH+9RgR/qzy5N/8kN0Ozdw==

"@types/faker@5.5.9":
  version "5.5.9"
  resolved "https://registry.yarnpkg.com/@types/faker/-/faker-5.5.9.tgz#588ede92186dc557bff8341d294335d50d255f0c"
  integrity sha512-uCx6mP3UY5SIO14XlspxsGjgaemrxpssJI0Ol+GfhxtcKpv9pgRZYsS4eeKeHVLje6Qtc8lGszuBI461+gVZBA==

"@types/google.maps@^3.50.1":
  version "3.50.1"
  resolved "https://registry.yarnpkg.com/@types/google.maps/-/google.maps-3.50.1.tgz#cd76d32ef325b3d2050314c24ef048f9e38476c7"
  integrity sha512-Wd3+cZwIk2DhDDosYCvXREvBfRAy9eXTf44YOcOKXhzN88AnLOCO+vrKH0N+QiP3SUtf7A6hn3yVJrMdXIqp1g==

faker@5.5.3:
  version "5.5.3"
  resolved "https://registry.yarnpkg.com/faker/-/faker-5.5.3.tgz#c57974ee484431b25205c2c8dc09fda861e51e0e"
  integrity sha512-wLTv2a28wjUyWkbnX7u/ABZBkUkIF2fCd73V6P2oFqEGEktDfzWx4UxrSqtPRw0xPRAcjeAOIiJWqZm3pP4u3g==

typescript@^4.8.3:
  version "4.8.3"
  resolved "https://registry.yarnpkg.com/typescript/-/typescript-4.8.3.tgz#d59344522c4bc464a65a730ac695007fdb66dd88"
  integrity sha512-goMHfm00nWPa8UvR/CPSvykqf6dVV8x/dp0c5mFTMTIu0u0FlGWRioyy7Nn0PGAdHxpJZnuO/ut+PpQ8UiHAig==
